
Microsoft Visual Studio Solution File, Format Version 12.00
# Visual Studio Version 17
VisualStudioVersion = 17.8.34511.84
MinimumVisualStudioVersion = 10.0.40219.1
Project("{9A19103F-16F7-4668-BE54-9A1E7A4F7556}") = "SEW03_02_01_Rechnen_NuGet_Log", "SEW03_02_01_Rechnen_NuGet_Log\SEW03_02_01_Rechnen_NuGet_Log.csproj", "{53807DDF-4B50-4FD3-A6EF-1266FC44EC57}"
EndProject
Project("{9A19103F-16F7-4668-BE54-9A1E7A4F7556}") = "SEW03_02_02_Zeichnen", "SEW03_02_02_Zeichnen\SEW03_02_02_Zeichnen.csproj", "{70248C4B-AC54-44E1-BCED-73C29C1C4D4B}"
EndProject
Project("{FAE04EC0-301F-11D3-BF4B-00C04F79EFBC}") = "SEW03_02_Alphabet_woopec", "SEW03_02_Alphabet_woopec\SEW03_02_Alphabet_woopec.csproj", "{31FFEB7E-565D-4BC8-B4FE-331CF1DD7C98}"
EndProject
Global
	GlobalSection(SolutionConfigurationPlatforms) = preSolution
		Debug|Any CPU = Debug|Any CPU
		Release|Any CPU = Release|Any CPU
	EndGlobalSection
	GlobalSection(ProjectConfigurationPlatforms) = postSolution
		{53807DDF-4B50-4FD3-A6EF-1266FC44EC57}.Debug|Any CPU.ActiveCfg = Debug|Any CPU
		{53807DDF-4B50-4FD3-A6EF-1266FC44EC57}.Debug|Any CPU.Build.0 = Debug|Any CPU
		{53807DDF-4B50-4FD3-A6EF-1266FC44EC57}.Release|Any CPU.ActiveCfg = Release|Any CPU
		{53807DDF-4B50-4FD3-A6EF-1266FC44EC57}.Release|Any CPU.Build.0 = Release|Any CPU
		{70248C4B-AC54-44E1-BCED-73C29C1C4D4B}.Debug|Any CPU.ActiveCfg = Debug|Any CPU
		{70248C4B-AC54-44E1-BCED-73C29C1C4D4B}.Debug|Any CPU.Build.0 = Debug|Any CPU
		{70248C4B-AC54-44E1-BCED-73C29C1C4D4B}.Release|Any CPU.ActiveCfg = Release|Any CPU
		{70248C4B-AC54-44E1-BCED-73C29C1C4D4B}.Release|Any CPU.Build.0 = Release|Any CPU
		{31FFEB7E-565D-4BC8-B4FE-331CF1DD7C98}.Debug|Any CPU.ActiveCfg = Debug|Any CPU
		{31FFEB7E-565D-4BC8-B4FE-331CF1DD7C98}.Debug|Any CPU.Build.0 = Debug|Any CPU
		{31FFEB7E-565D-4BC8-B4FE-331CF1DD7C98}.Release|Any CPU.ActiveCfg = Release|Any CPU
		{31FFEB7E-565D-4BC8-B4FE-331CF1DD7C98}.Release|Any CPU.Build.0 = Release|Any CPU
	EndGlobalSection
	GlobalSection(SolutionProperties) = preSolution
		HideSolutionNode = FALSE
	EndGlobalSection
	GlobalSection(ExtensibilityGlobals) = postSolution
		SolutionGuid = {29929D22-8D5E-4243-BB61-E3FA3ADBD2FA}
	EndGlobalSection
EndGlobal
